Microsoft Visual Studio Solution File, Format Version 12.00
# Visual Studio 1438
# CHECKSUM:8c9362cdf95587418cb7ed51305139810a111211 
VisualStudioVersion = 14.0.25420.1
MinimumVisualStudioVersion = 10.0.40219.1
Project("{8BC9CEB8-8B4A-11D0-8D11-00A0C91BC942}") = "SPICtrl Checker (msvc-1438)", "SPICtrlTests.vc1438.vcxproj", "{DBCEA454-1B61-4848-A261-C57072975D47}"
	ProjectSection(ProjectDependencies) = postProject
		{8B0BA2A4-EB43-4870-93E2-AD4A0597B80B} = {8B0BA2A4-EB43-4870-93E2-AD4A0597B80B}
	EndProjectSection
EndProject
Project("{8BC9CEB8-8B4A-11D0-8D11-00A0C91BC942}") = "SPICtrl (msvc-1438)", "../../SystemC/libso-gcc-12.3-64/SPICtrl.vc1438.vcxproj", "{8B0BA2A4-EB43-4870-93E2-AD4A0597B80B}"
EndProject
Global
	GlobalSection(SolutionConfigurationPlatforms) = preSolution
		Debug|x64 = Debug|x64
		Release|x64 = Release|x64
	EndGlobalSection
	GlobalSection(ProjectConfigurationPlatforms) = postSolution
		{DBCEA454-1B61-4848-A261-C57072975D47}.Debug|x64.ActiveCfg = Debug|x64
		{DBCEA454-1B61-4848-A261-C57072975D47}.Debug|x64.Build.0 = Debug|x64
		{DBCEA454-1B61-4848-A261-C57072975D47}.Release|x64.ActiveCfg = Release|x64
		{DBCEA454-1B61-4848-A261-C57072975D47}.Release|x64.Build.0 = Release|x64
		{8B0BA2A4-EB43-4870-93E2-AD4A0597B80B}.Debug|x64.ActiveCfg = Debug|x64
		{8B0BA2A4-EB43-4870-93E2-AD4A0597B80B}.Debug|x64.Build.0 = Debug|x64
		{8B0BA2A4-EB43-4870-93E2-AD4A0597B80B}.Release|x64.ActiveCfg = Release|x64
		{8B0BA2A4-EB43-4870-93E2-AD4A0597B80B}.Release|x64.Build.0 = Release|x64
	EndGlobalSection
	GlobalSection(SolutionProperties) = preSolution
		HideSolutionNode = FALSE
	EndGlobalSection
EndGlobal
